PODS:
  - Crashlytics (3.10.0):
    - Fabric (~> 1.7.3)
  - Fabric (1.7.3)
  - FBAudienceNetwork (4.27.2)
  - Firebase/AdMob (4.9.0):
    - Firebase/Core
    - Google-Mobile-Ads-SDK (= 7.28.0)
  - Firebase/Analytics (4.9.0):
    - Firebase/Core
  - Firebase/Core (4.9.0):
    - FirebaseAnalytics (= 4.0.9)
    - FirebaseCore (= 4.0.15)
  - Firebase/Crash (4.9.0):
    - Firebase/Core
    - FirebaseCrash (= 2.0.2)
  - Firebase/Performance (4.9.0):
    - Firebase/Core
    - FirebasePerformance (= 1.1.1)
  - FirebaseAnalytics (4.0.9):
    - FirebaseCore (~> 4.0)
    - FirebaseInstanceID (~> 2.0)
    - "GoogleToolboxForMac/NSData+zlib (~> 2.1)"
    - nanopb (~> 0.3)
  - FirebaseCore (4.0.15):
    - "GoogleToolboxForMac/NSData+zlib (~> 2.1)"
  - FirebaseCrash (2.0.2):
    - FirebaseAnalytics (~> 4.0)
    - FirebaseInstanceID (~> 2.0)
    - GoogleToolboxForMac/Logger (~> 2.1)
    - "GoogleToolboxForMac/NSData+zlib (~> 2.1)"
    - Protobuf (~> 3.1)
  - FirebaseInstanceID (2.0.9):
    - FirebaseCore (~> 4.0)
  - FirebasePerformance (1.1.1):
    - FirebaseAnalytics (~> 4.0)
    - FirebaseInstanceID (~> 2.0)
    - FirebaseSwizzlingUtilities (~> 1.0)
    - GoogleToolboxForMac/Logger (~> 2.1)
    - "GoogleToolboxForMac/NSData+zlib (~> 2.1)"
    - GTMSessionFetcher/Core (~> 1.1)
    - Protobuf (~> 3.1)
  - FirebaseSwizzlingUtilities (1.0.0)
  - Google-Mobile-Ads-SDK (7.28.0)
  - GoogleMobileAdsMediationFacebook (4.27.2.0):
    - FBAudienceNetwork (= 4.27.2)
    - Google-Mobile-Ads-SDK (>= 7.12.0)
  - GoogleToolboxForMac/Defines (2.1.3)
  - GoogleToolboxForMac/Logger (2.1.3):
    - GoogleToolboxForMac/Defines (= 2.1.3)
  - "GoogleToolboxForMac/NSData+zlib (2.1.3)":
    - GoogleToolboxForMac/Defines (= 2.1.3)
  - GTMSessionFetcher/Core (1.1.14)
  - nanopb (0.3.8):
    - nanopb/decode (= 0.3.8)
    - nanopb/encode (= 0.3.8)
  - nanopb/decode (0.3.8)
  - nanopb/encode (0.3.8)
  - OneSignal (2.8.5)
  - Protobuf (3.5.0)
  - React (0.53.3):
    - React/Core (= 0.53.3)
  - react-native-onesignal (3.2.4):
    - OneSignal (= 2.8.5)
    - React
  - React/BatchedBridge (0.53.3):
    - React/Core
    - React/cxxreact_legacy
  - React/Core (0.53.3):
    - yoga (= 0.53.3.React)
  - React/cxxreact_legacy (0.53.3):
    - React/jschelpers_legacy
    - React/jsinspector_legacy
  - React/fishhook (0.53.3)
  - React/jschelpers_legacy (0.53.3)
  - React/jsinspector_legacy (0.53.3)
  - React/RCTActionSheet (0.53.3):
    - React/Core
  - React/RCTAnimation (0.53.3):
    - React/Core
  - React/RCTBlob (0.53.3):
    - React/Core
  - React/RCTGeolocation (0.53.3):
    - React/Core
  - React/RCTImage (0.53.3):
    - React/Core
    - React/RCTNetwork
  - React/RCTLinkingIOS (0.53.3):
    - React/Core
  - React/RCTNetwork (0.53.3):
    - React/Core
  - React/RCTSettings (0.53.3):
    - React/Core
  - React/RCTText (0.53.3):
    - React/Core
  - React/RCTVibration (0.53.3):
    - React/Core
  - React/RCTWebSocket (0.53.3):
    - React/Core
    - React/fishhook
    - React/RCTBlob
  - ReactNativeFabric (0.5.1):
    - Crashlytics
    - Fabric
    - React
  - RNDeviceInfo (0.21.5):
    - React
  - RNFirebase (4.0.7):
    - Firebase/Core
    - React
  - RNI18n (2.0.12):
    - React
  - RNIap (1.2.1):
    - React
  - RNStoreReview (0.1.5):
    - React
  - RNVectorIcons (4.6.0):
    - React
  - TextToSpeech (1.4.1):
    - React
  - yoga (0.53.3.React)

DEPENDENCIES:
  - Crashlytics
  - Fabric
  - Firebase/AdMob
  - Firebase/Analytics
  - Firebase/Core
  - Firebase/Crash
  - Firebase/Performance
  - GoogleMobileAdsMediationFacebook
  - OneSignal (< 3.0, >= 2.8.5)
  - react-native-onesignal (from `../node_modules/react-native-onesignal`)
  - React/BatchedBridge (from `../node_modules/react-native`)
  - React/Core (from `../node_modules/react-native`)
  - React/RCTActionSheet (from `../node_modules/react-native`)
  - React/RCTAnimation (from `../node_modules/react-native`)
  - React/RCTGeolocation (from `../node_modules/react-native`)
  - React/RCTImage (from `../node_modules/react-native`)
  - React/RCTLinkingIOS (from `../node_modules/react-native`)
  - React/RCTNetwork (from `../node_modules/react-native`)
  - React/RCTSettings (from `../node_modules/react-native`)
  - React/RCTText (from `../node_modules/react-native`)
  - React/RCTVibration (from `../node_modules/react-native`)
  - React/RCTWebSocket (from `../node_modules/react-native`)
  - ReactNativeFabric (from `../node_modules/react-native-fabric`)
  - RNDeviceInfo (from `../node_modules/react-native-device-info`)
  - RNFirebase (from `../node_modules/react-native-firebase/ios`)
  - RNI18n (from `../node_modules/react-native-i18n`)
  - RNIap (from `../node_modules/react-native-iap`)
  - RNStoreReview (from `../node_modules/react-native-store-review/ios`)
  - RNVectorIcons (from `../node_modules/react-native-vector-icons`)
  - TextToSpeech (from `../node_modules/react-native-tts`)
  - yoga (from `../node_modules/react-native/ReactCommon/yoga`)

SPEC REPOS:
  https://github.com/cocoapods/specs.git:
    - Crashlytics
    - Fabric
    - FBAudienceNetwork
    - Firebase
    - FirebaseAnalytics
    - FirebaseCore
    - FirebaseCrash
    - FirebaseInstanceID
    - FirebasePerformance
    - FirebaseSwizzlingUtilities
    - Google-Mobile-Ads-SDK
    - GoogleMobileAdsMediationFacebook
    - GoogleToolboxForMac
    - GTMSessionFetcher
    - nanopb
    - OneSignal
    - Protobuf

EXTERNAL SOURCES:
  React:
    :path: "../node_modules/react-native"
  react-native-onesignal:
    :path: "../node_modules/react-native-onesignal"
  ReactNativeFabric:
    :path: "../node_modules/react-native-fabric"
  RNDeviceInfo:
    :path: "../node_modules/react-native-device-info"
  RNFirebase:
    :path: "../node_modules/react-native-firebase/ios"
  RNI18n:
    :path: "../node_modules/react-native-i18n"
  RNIap:
    :path: "../node_modules/react-native-iap"
  RNStoreReview:
    :path: "../node_modules/react-native-store-review/ios"
  RNVectorIcons:
    :path: "../node_modules/react-native-vector-icons"
  TextToSpeech:
    :path: "../node_modules/react-native-tts"
  yoga:
    :path: "../node_modules/react-native/ReactCommon/yoga"

SPEC CHECKSUMS:
  Crashlytics: a989ef242b66605577a425733797f810bd2725eb
  Fabric: bb495bb9a7a7677c6d03a1f8b83d95bc49b47e41
  FBAudienceNetwork: 84fc420e262ae16b30586861fa11dd9c779336a8
  Firebase: 632216af3ed7f31e3be34776947fdc7546cfb572
  FirebaseAnalytics: 388b630c15713f5dbf364071f5f3d6077fb52f4e
  FirebaseCore: 3bd047463058fa6b5d312c97502c52e45401cdfb
  FirebaseCrash: a7d980468dc8aa2db9792493c3e02722d601f6ab
  FirebaseInstanceID: d2058a35e9bebda1b6dd42486b84917bde552a9d
  FirebasePerformance: 4e1f8091e400eaf88505234caef5718313653709
  FirebaseSwizzlingUtilities: f1c49a5a372ac852c853722a5891a0a5e2344a6c
  Google-Mobile-Ads-SDK: 7f9bc0011df363ae5616449de3682a14c4701612
  GoogleMobileAdsMediationFacebook: 240d8df5689020da0d40aa577d101c5781e530c8
  GoogleToolboxForMac: 2501e2ad72a52eb3dfe7bd9aee7dad11b858bd20
  GTMSessionFetcher: 390ea358e5a0d0133153806f744662dad933d06b
  nanopb: 5601e6bca2dbf1ed831b519092ec110f66982ca3
  OneSignal: 42dae269c7eca517aee34963820e1eb922390031
  Protobuf: 8a9838fba8dae3389230e1b7f8c104aa32389c03
  React: af66244a7d630be2aef03b4ddfe3570e4eff39fc
  react-native-onesignal: 4f425b36d3edf595c93c1a8d3618a93b71a85a51
  ReactNativeFabric: 3912bf9c714d7cc98110eadf06ca6dedef219322
  RNDeviceInfo: 568c5641057313b4912d08a7742ff0b2f753ed5c
  RNFirebase: 2b25fd2e60269f26bb0a76c71dcc942b35a77df0
  RNI18n: db9be06a40336f04d136f24dd5de3f5eb9f3207c
  RNIap: 8bc4a94d49bdc32037efe605fe746a05c67c5f59
  RNStoreReview: 628ef9b80e75cbd6a6f37a1bda14295c82022638
  RNVectorIcons: c0dbfbf6068fefa240c37b0f71bd03b45dddac44
  TextToSpeech: 9eb1620acaff9cc703896d5e05dc8024122a8e57
  yoga: 55da126afc384965b96bff46652464373b330add

PODFILE CHECKSUM: caa4ee3a46a17d23d393597372e7def6e0394577

COCOAPODS: 1.5.2
