PODS:
  - CleverTap-iOS-SDK (3.1.7):
    - CleverTap-iOS-SDK/Main (= 3.1.7)
  - CleverTap-iOS-SDK/Main (3.1.7)
  - Crashlytics (3.10.3):
    - Fabric (~> 1.7.8)
  - Fabric (1.7.8)
  - FBAudienceNetwork (4.28.1)
  - Firebase/AdMob (5.4.0):
    - Firebase/Core
    - Google-Mobile-Ads-SDK (= 7.31.0)
  - Firebase/Analytics (5.4.0):
    - Firebase/Core
  - Firebase/Core (5.4.0):
    - Firebase/CoreOnly
    - FirebaseAnalytics (= 5.0.1)
  - Firebase/CoreOnly (5.4.0):
    - FirebaseCore (= 5.0.5)
  - Firebase/Crash (5.4.0):
    - Firebase/Core
    - FirebaseCrash (= 3.0.0)
  - Firebase/Performance (5.4.0):
    - Firebase/Core
    - FirebasePerformance (= 2.0.1)
  - FirebaseAnalytics (5.0.1):
    - FirebaseCore (~> 5.0)
    - FirebaseInstanceID (~> 3.0)
    - "GoogleToolboxForMac/NSData+zlib (~> 2.1)"
    - nanopb (~> 0.3)
  - FirebaseCore (5.0.5):
    - "GoogleToolboxForMac/NSData+zlib (~> 2.1)"
  - FirebaseCrash (3.0.0):
    - FirebaseAnalytics (~> 5.0)
    - FirebaseInstanceID (~> 3.0)
    - GoogleToolboxForMac/Logger (~> 2.1)
    - "GoogleToolboxForMac/NSData+zlib (~> 2.1)"
    - Protobuf (~> 3.5)
  - FirebaseInstanceID (3.1.1):
    - FirebaseCore (~> 5.0)
  - FirebasePerformance (2.0.1):
    - FirebaseAnalytics (~> 5.0)
    - FirebaseInstanceID (~> 3.1)
    - FirebaseSwizzlingUtilities/ISASwizzling (~> 2.0)
    - FirebaseSwizzlingUtilities/MethodSwizzling (~> 2.0)
    - GoogleToolboxForMac/Logger (~> 2.1)
    - "GoogleToolboxForMac/NSData+zlib (~> 2.1)"
    - GTMSessionFetcher/Core (~> 1.1)
    - Protobuf (~> 3.5)
  - FirebaseSwizzlingUtilities/ISASwizzling (2.0.0)
  - FirebaseSwizzlingUtilities/MethodSwizzling (2.0.0):
    - FirebaseCore (~> 5.0)
  - Google-Mobile-Ads-SDK (7.31.0)
  - GoogleMobileAdsMediationFacebook (4.28.1.1):
    - FBAudienceNetwork (= 4.28.1)
    - Google-Mobile-Ads-SDK (>= 7.12.0)
  - GoogleToolboxForMac/Defines (2.1.4)
  - GoogleToolboxForMac/Logger (2.1.4):
    - GoogleToolboxForMac/Defines (= 2.1.4)
  - "GoogleToolboxForMac/NSData+zlib (2.1.4)":
    - GoogleToolboxForMac/Defines (= 2.1.4)
  - GTMSessionFetcher/Core (1.1.15)
  - nanopb (0.3.8):
    - nanopb/decode (= 0.3.8)
    - nanopb/encode (= 0.3.8)
  - nanopb/decode (0.3.8)
  - nanopb/encode (0.3.8)
  - OneSignal (2.8.5)
  - Protobuf (3.6.0)
  - React (0.53.3):
    - React/Core (= 0.53.3)
  - react-native-onesignal (3.2.5):
    - OneSignal (= 2.8.5)
    - React
  - React/BatchedBridge (0.53.3):
    - React/Core
    - React/cxxreact_legacy
  - React/Core (0.53.3):
    - yoga (= 0.53.3.React)
  - React/cxxreact_legacy (0.53.3):
    - React/jschelpers_legacy
    - React/jsinspector_legacy
  - React/fishhook (0.53.3)
  - React/jschelpers_legacy (0.53.3)
  - React/jsinspector_legacy (0.53.3)
  - React/RCTActionSheet (0.53.3):
    - React/Core
  - React/RCTAnimation (0.53.3):
    - React/Core
  - React/RCTBlob (0.53.3):
    - React/Core
  - React/RCTGeolocation (0.53.3):
    - React/Core
  - React/RCTImage (0.53.3):
    - React/Core
    - React/RCTNetwork
  - React/RCTLinkingIOS (0.53.3):
    - React/Core
  - React/RCTNetwork (0.53.3):
    - React/Core
  - React/RCTSettings (0.53.3):
    - React/Core
  - React/RCTText (0.53.3):
    - React/Core
  - React/RCTVibration (0.53.3):
    - React/Core
  - React/RCTWebSocket (0.53.3):
    - React/Core
    - React/fishhook
    - React/RCTBlob
  - ReactNativeFabric (0.5.1):
    - Crashlytics
    - Fabric
    - React
  - RNDeviceInfo (0.21.5):
    - React
  - RNFirebase (4.2.0):
    - Firebase/Core
    - React
  - RNI18n (2.0.12):
    - React
  - RNIap (1.2.1):
    - React
  - RNStoreReview (0.1.5):
    - React
  - RNVectorIcons (4.6.0):
    - React
  - TextToSpeech (1.4.1):
    - React
  - yoga (0.53.3.React)

DEPENDENCIES:
  - CleverTap-iOS-SDK
  - Crashlytics
  - Fabric
  - Firebase/AdMob
  - Firebase/Analytics
  - Firebase/Core
  - Firebase/Crash
  - Firebase/Performance
  - GoogleMobileAdsMediationFacebook
  - OneSignal (< 3.0, >= 2.8.5)
  - react-native-onesignal (from `../node_modules/react-native-onesignal`)
  - React/BatchedBridge (from `../node_modules/react-native`)
  - React/Core (from `../node_modules/react-native`)
  - React/RCTActionSheet (from `../node_modules/react-native`)
  - React/RCTAnimation (from `../node_modules/react-native`)
  - React/RCTGeolocation (from `../node_modules/react-native`)
  - React/RCTImage (from `../node_modules/react-native`)
  - React/RCTLinkingIOS (from `../node_modules/react-native`)
  - React/RCTNetwork (from `../node_modules/react-native`)
  - React/RCTSettings (from `../node_modules/react-native`)
  - React/RCTText (from `../node_modules/react-native`)
  - React/RCTVibration (from `../node_modules/react-native`)
  - React/RCTWebSocket (from `../node_modules/react-native`)
  - ReactNativeFabric (from `../node_modules/react-native-fabric`)
  - RNDeviceInfo (from `../node_modules/react-native-device-info`)
  - RNFirebase (from `../node_modules/react-native-firebase/ios`)
  - RNI18n (from `../node_modules/react-native-i18n`)
  - RNIap (from `../node_modules/react-native-iap`)
  - RNStoreReview (from `../node_modules/react-native-store-review/ios`)
  - RNVectorIcons (from `../node_modules/react-native-vector-icons`)
  - TextToSpeech (from `../node_modules/react-native-tts`)
  - yoga (from `../node_modules/react-native/ReactCommon/yoga`)

SPEC REPOS:
  https://github.com/cocoapods/specs.git:
    - CleverTap-iOS-SDK
    - Crashlytics
    - Fabric
    - FBAudienceNetwork
    - Firebase
    - FirebaseAnalytics
    - FirebaseCore
    - FirebaseCrash
    - FirebaseInstanceID
    - FirebasePerformance
    - FirebaseSwizzlingUtilities
    - Google-Mobile-Ads-SDK
    - GoogleMobileAdsMediationFacebook
    - GoogleToolboxForMac
    - GTMSessionFetcher
    - nanopb
    - OneSignal
    - Protobuf

EXTERNAL SOURCES:
  React:
    :path: "../node_modules/react-native"
  react-native-onesignal:
    :path: "../node_modules/react-native-onesignal"
  ReactNativeFabric:
    :path: "../node_modules/react-native-fabric"
  RNDeviceInfo:
    :path: "../node_modules/react-native-device-info"
  RNFirebase:
    :path: "../node_modules/react-native-firebase/ios"
  RNI18n:
    :path: "../node_modules/react-native-i18n"
  RNIap:
    :path: "../node_modules/react-native-iap"
  RNStoreReview:
    :path: "../node_modules/react-native-store-review/ios"
  RNVectorIcons:
    :path: "../node_modules/react-native-vector-icons"
  TextToSpeech:
    :path: "../node_modules/react-native-tts"
  yoga:
    :path: "../node_modules/react-native/ReactCommon/yoga"

SPEC CHECKSUMS:
  CleverTap-iOS-SDK: 996a436d5acdc9dcfdb4f8ffb0fe5f4bb035ecc2
  Crashlytics: 2aea305161a2122492698c75af27f2b98aa49a25
  Fabric: fba4684a95df789565b0b27fc5b6e68f1755af32
  FBAudienceNetwork: c0cda151bb2f7b55d1e045e59ebc81f3153989b2
  Firebase: d66f4f29c23f22d96808d9abc174d81d8eee968f
  FirebaseAnalytics: b3628aea54c50464c32c393fb2ea032566e7ecc2
  FirebaseCore: 42b3267233bd21a5abd54117ccc38ca3dd0f8e83
  FirebaseCrash: 8900571fd763fd5bdda04522ec53da979456e3ce
  FirebaseInstanceID: f3f0657372592ecdfdfe2cac604a5a75758376a6
  FirebasePerformance: 1ebd87ffee5ca814582db1dc9e25651792ba02db
  FirebaseSwizzlingUtilities: 6c22677c50d0b6f5f0dc637c1233f13694a3003f
  Google-Mobile-Ads-SDK: 6e529e748b45507a2ca904e0b5a52669ba3920c4
  GoogleMobileAdsMediationFacebook: c71b4f171bb156edc8152848f0f91f3a2dc5e613
  GoogleToolboxForMac: 91c824d21e85b31c2aae9bb011c5027c9b4e738f
  GTMSessionFetcher: 5fa5b80fd20e439ef5f545fb2cb3ca6c6714caa2
  nanopb: 5601e6bca2dbf1ed831b519092ec110f66982ca3
  OneSignal: 42dae269c7eca517aee34963820e1eb922390031
  Protobuf: 0fc0ad8bec688b2a3017a139953e01374fedbd5f
  React: af66244a7d630be2aef03b4ddfe3570e4eff39fc
  react-native-onesignal: 4f425b36d3edf595c93c1a8d3618a93b71a85a51
  ReactNativeFabric: 3912bf9c714d7cc98110eadf06ca6dedef219322
  RNDeviceInfo: 568c5641057313b4912d08a7742ff0b2f753ed5c
  RNFirebase: 2b25fd2e60269f26bb0a76c71dcc942b35a77df0
  RNI18n: db9be06a40336f04d136f24dd5de3f5eb9f3207c
  RNIap: 8bc4a94d49bdc32037efe605fe746a05c67c5f59
  RNStoreReview: 628ef9b80e75cbd6a6f37a1bda14295c82022638
  RNVectorIcons: c0dbfbf6068fefa240c37b0f71bd03b45dddac44
  TextToSpeech: 9eb1620acaff9cc703896d5e05dc8024122a8e57
  yoga: 55da126afc384965b96bff46652464373b330add

PODFILE CHECKSUM: 4d6f8b33f7f54f96abb40c6bfc36f72fc52f14c9

COCOAPODS: 1.5.2
